
Microsoft Visual Studio Solution File, Format Version 12.00
# Visual Studio 15
VisualStudioVersion = 15.0.27703.2018
MinimumVisualStudioVersion = 10.0.40219.1
Project("{FAE04EC0-301F-11D3-BF4B-00C04F79EFBC}") = "smartsheet-csharp-sdk-v2", "smartsheet-csharp-sdk\smartsheet-csharp-sdk-v2.csproj", "{44D56022-C6DC-44B3-AC7A-021F7C25E3DC}"
EndProject
Project("{2150E333-8FDC-42A3-9474-1A3956D46DE8}") = "Solution Items", "Solution Items", "{1F86D36D-ABD7-43F8-94E1-BBE7B8B77F31}"
	ProjectSection(SolutionItems) = preProject
		global.json = global.json
	EndProjectSection
EndProject
Project("{FAE04EC0-301F-11D3-BF4B-00C04F79EFBC}") = "sdk-csharp-sample-net80", "sdk-csharp-sample-net80\sdk-csharp-sample-net80.csproj", "{A7720F0A-5B69-4555-8DC8-899ECB0F0610}"
EndProject
Project("{FAE04EC0-301F-11D3-BF4B-00C04F79EFBC}") = "mock-api-test-sdk-net80", "mock-api-test-sdk-net80\mock-api-test-sdk-net80.csproj", "{DB4A1698-72DB-4228-9479-692AC932D00D}"
EndProject
Project("{FAE04EC0-301F-11D3-BF4B-00C04F79EFBC}") = "integration-test-sdk-net80", "integration-test-sdk-net80\integration-test-sdk-net80.csproj", "{9F1AB018-EA39-4154-B1DB-B6440A673208}"
EndProject
Global
	GlobalSection(SolutionConfigurationPlatforms) = preSolution
		Debug|Any CPU = Debug|Any CPU
		Release|Any CPU = Release|Any CPU
	EndGlobalSection
	GlobalSection(ProjectConfigurationPlatforms) = postSolution
		{44D56022-C6DC-44B3-AC7A-021F7C25E3DC}.Debug|Any CPU.ActiveCfg = Debug|Any CPU
		{44D56022-C6DC-44B3-AC7A-021F7C25E3DC}.Debug|Any CPU.Build.0 = Debug|Any CPU
		{44D56022-C6DC-44B3-AC7A-021F7C25E3DC}.Release|Any CPU.ActiveCfg = Release|Any CPU
		{44D56022-C6DC-44B3-AC7A-021F7C25E3DC}.Release|Any CPU.Build.0 = Release|Any CPU
		{5553F189-69F0-4AE8-907C-0067E12A7770}.Debug|Any CPU.ActiveCfg = Debug|Any CPU
		{5553F189-69F0-4AE8-907C-0067E12A7770}.Debug|Any CPU.Build.0 = Debug|Any CPU
		{5553F189-69F0-4AE8-907C-0067E12A7770}.Release|Any CPU.ActiveCfg = Release|Any CPU
		{5553F189-69F0-4AE8-907C-0067E12A7770}.Release|Any CPU.Build.0 = Release|Any CPU
		{1A6B6AE3-8E1E-4DF1-A850-1A59EF16A28C}.Debug|Any CPU.ActiveCfg = Debug|Any CPU
		{1A6B6AE3-8E1E-4DF1-A850-1A59EF16A28C}.Debug|Any CPU.Build.0 = Debug|Any CPU
		{1A6B6AE3-8E1E-4DF1-A850-1A59EF16A28C}.Release|Any CPU.ActiveCfg = Release|Any CPU
		{1A6B6AE3-8E1E-4DF1-A850-1A59EF16A28C}.Release|Any CPU.Build.0 = Release|Any CPU
		{B86368DE-6BF5-432B-A87D-7D0E3C9D3B27}.Debug|Any CPU.ActiveCfg = Debug|Any CPU
		{B86368DE-6BF5-432B-A87D-7D0E3C9D3B27}.Debug|Any CPU.Build.0 = Debug|Any CPU
		{B86368DE-6BF5-432B-A87D-7D0E3C9D3B27}.Release|Any CPU.ActiveCfg = Release|Any CPU
		{B86368DE-6BF5-432B-A87D-7D0E3C9D3B27}.Release|Any CPU.Build.0 = Release|Any CPU
		{8D199055-B0B5-4C24-B6E2-C97F83BA773C}.Debug|Any CPU.ActiveCfg = Debug|Any CPU
		{8D199055-B0B5-4C24-B6E2-C97F83BA773C}.Debug|Any CPU.Build.0 = Debug|Any CPU
		{8D199055-B0B5-4C24-B6E2-C97F83BA773C}.Release|Any CPU.ActiveCfg = Release|Any CPU
		{8D199055-B0B5-4C24-B6E2-C97F83BA773C}.Release|Any CPU.Build.0 = Release|Any CPU
		{A7720F0A-5B69-4555-8DC8-899ECB0F0610}.Debug|Any CPU.ActiveCfg = Debug|Any CPU
		{A7720F0A-5B69-4555-8DC8-899ECB0F0610}.Debug|Any CPU.Build.0 = Debug|Any CPU
		{A7720F0A-5B69-4555-8DC8-899ECB0F0610}.Release|Any CPU.ActiveCfg = Release|Any CPU
		{A7720F0A-5B69-4555-8DC8-899ECB0F0610}.Release|Any CPU.Build.0 = Release|Any CPU
		{DB4A1698-72DB-4228-9479-692AC932D00D}.Debug|Any CPU.ActiveCfg = Debug|Any CPU
		{DB4A1698-72DB-4228-9479-692AC932D00D}.Debug|Any CPU.Build.0 = Debug|Any CPU
		{DB4A1698-72DB-4228-9479-692AC932D00D}.Release|Any CPU.ActiveCfg = Release|Any CPU
		{DB4A1698-72DB-4228-9479-692AC932D00D}.Release|Any CPU.Build.0 = Release|Any CPU
		{9F1AB018-EA39-4154-B1DB-B6440A673208}.Debug|Any CPU.ActiveCfg = Debug|Any CPU
		{9F1AB018-EA39-4154-B1DB-B6440A673208}.Debug|Any CPU.Build.0 = Debug|Any CPU
		{9F1AB018-EA39-4154-B1DB-B6440A673208}.Release|Any CPU.ActiveCfg = Release|Any CPU
		{9F1AB018-EA39-4154-B1DB-B6440A673208}.Release|Any CPU.Build.0 = Release|Any CPU
		{9C8BC43E-0E2F-4E30-A345-7B1DA7191FE7}.Debug|Any CPU.ActiveCfg = Debug|Any CPU
		{9C8BC43E-0E2F-4E30-A345-7B1DA7191FE7}.Debug|Any CPU.Build.0 = Debug|Any CPU
		{9C8BC43E-0E2F-4E30-A345-7B1DA7191FE7}.Release|Any CPU.ActiveCfg = Release|Any CPU
		{9C8BC43E-0E2F-4E30-A345-7B1DA7191FE7}.Release|Any CPU.Build.0 = Release|Any CPU
		{91057547-BB77-4879-AA7F-D9EB8B463F11}.Debug|Any CPU.ActiveCfg = Debug|Any CPU
		{91057547-BB77-4879-AA7F-D9EB8B463F11}.Debug|Any CPU.Build.0 = Debug|Any CPU
		{91057547-BB77-4879-AA7F-D9EB8B463F11}.Release|Any CPU.ActiveCfg = Release|Any CPU
		{91057547-BB77-4879-AA7F-D9EB8B463F11}.Release|Any CPU.Build.0 = Release|Any CPU
		{80DABFF6-9014-446B-A730-B74029256704}.Debug|Any CPU.ActiveCfg = Debug|Any CPU
		{80DABFF6-9014-446B-A730-B74029256704}.Debug|Any CPU.Build.0 = Debug|Any CPU
		{80DABFF6-9014-446B-A730-B74029256704}.Release|Any CPU.ActiveCfg = Release|Any CPU
		{80DABFF6-9014-446B-A730-B74029256704}.Release|Any CPU.Build.0 = Release|Any CPU
		{DDF15543-B2BD-4E39-85CD-1D3EABF0C5A2}.Debug|Any CPU.ActiveCfg = Debug|Any CPU
		{DDF15543-B2BD-4E39-85CD-1D3EABF0C5A2}.Debug|Any CPU.Build.0 = Debug|Any CPU
		{DDF15543-B2BD-4E39-85CD-1D3EABF0C5A2}.Release|Any CPU.ActiveCfg = Release|Any CPU
		{DDF15543-B2BD-4E39-85CD-1D3EABF0C5A2}.Release|Any CPU.Build.0 = Release|Any CPU
		{B09D7415-5986-41DB-BB89-5D6FF95C7E8C}.Debug|Any CPU.ActiveCfg = Debug|Any CPU
		{B09D7415-5986-41DB-BB89-5D6FF95C7E8C}.Debug|Any CPU.Build.0 = Debug|Any CPU
		{B09D7415-5986-41DB-BB89-5D6FF95C7E8C}.Release|Any CPU.ActiveCfg = Release|Any CPU
		{B09D7415-5986-41DB-BB89-5D6FF95C7E8C}.Release|Any CPU.Build.0 = Release|Any CPU
		{C8EF48A4-86DF-4865-9227-E3C5BFF6C7C4}.Debug|Any CPU.ActiveCfg = Debug|Any CPU
		{C8EF48A4-86DF-4865-9227-E3C5BFF6C7C4}.Debug|Any CPU.Build.0 = Debug|Any CPU
		{C8EF48A4-86DF-4865-9227-E3C5BFF6C7C4}.Release|Any CPU.ActiveCfg = Release|Any CPU
		{C8EF48A4-86DF-4865-9227-E3C5BFF6C7C4}.Release|Any CPU.Build.0 = Release|Any CPU
		{7800ED06-4AC7-41D0-A2CC-9ED1FED4BF57}.Debug|Any CPU.ActiveCfg = Debug|Any CPU
		{7800ED06-4AC7-41D0-A2CC-9ED1FED4BF57}.Release|Any CPU.ActiveCfg = Release|Any CPU
		{A38A7884-9542-4503-B8DD-ED5E64449128}.Debug|Any CPU.ActiveCfg = Debug|Any CPU
		{A38A7884-9542-4503-B8DD-ED5E64449128}.Debug|Any CPU.Build.0 = Debug|Any CPU
		{A38A7884-9542-4503-B8DD-ED5E64449128}.Release|Any CPU.ActiveCfg = Release|Any CPU
		{A38A7884-9542-4503-B8DD-ED5E64449128}.Release|Any CPU.Build.0 = Release|Any CPU
	EndGlobalSection
	GlobalSection(SolutionProperties) = preSolution
		HideSolutionNode = FALSE
	EndGlobalSection
	GlobalSection(ExtensibilityGlobals) = postSolution
		SolutionGuid = {C860F0DD-7C33-4425-9048-E444C5ED56BF}
	EndGlobalSection
EndGlobal
