
Microsoft Visual Studio Solution File, Format Version 12.00
# Visual Studio 15
VisualStudioVersion = 15.0.27703.2018
MinimumVisualStudioVersion = 10.0.40219.1
Project("{FAE04EC0-301F-11D3-BF4B-00C04F79EFBC}") = "smartsheet-csharp-sdk-v2", "smartsheet-csharp-sdk\smartsheet-csharp-sdk-v2.csproj", "{44D56022-C6DC-44B3-AC7A-021F7C25E3DC}"
EndProject
Project("{2150E333-8FDC-42A3-9474-1A3956D46DE8}") = "Solution Items", "Solution Items", "{1F86D36D-ABD7-43F8-94E1-BBE7B8B77F31}"
	ProjectSection(SolutionItems) = preProject
		global.json = global.json
	EndProjectSection
EndProject
Project("{FAE04EC0-301F-11D3-BF4B-00C04F79EFBC}") = "sdk-csharp-sample-net60", "sdk-csharp-sample-net60\sdk-csharp-sample-net60.csproj", "{A7720F0A-5B69-4555-8DC8-899ECB0F0610}"
EndProject
Project("{FAE04EC0-301F-11D3-BF4B-00C04F79EFBC}") = "oauth-test-netcoreapp20", "oauth-test-netcoreapp20\oauth-test-netcoreapp20.csproj", "{289FDB9E-EE0A-4805-B66E-9A527DAF4E3E}"
EndProject
Project("{FAE04EC0-301F-11D3-BF4B-00C04F79EFBC}") = "mock-api-test-sdk-net60", "mock-api-test-sdk-net60\mock-api-test-sdk-net60.csproj", "{DB4A1698-72DB-4228-9479-692AC932D00D}"
EndProject
Project("{FAE04EC0-301F-11D3-BF4B-00C04F79EFBC}") = "integration-test-sdk-net60", "integration-test-sdk-net60\integration-test-sdk-net60.csproj", "{9F1AB018-EA39-4154-B1DB-B6440A673208}"
EndProject
Global
	GlobalSection(SolutionConfigurationPlatforms) = preSolution
		Debug|Any CPU = Debug|Any CPU
		Release|Any CPU = Release|Any CPU
	EndGlobalSection
	GlobalSection(ProjectConfigurationPlatforms) = postSolution
		{44D56022-C6DC-44B3-AC7A-021F7C25E3DC}.Debug|Any CPU.ActiveCfg = Debug|Any CPU
		{44D56022-C6DC-44B3-AC7A-021F7C25E3DC}.Debug|Any CPU.Build.0 = Debug|Any CPU
		{44D56022-C6DC-44B3-AC7A-021F7C25E3DC}.Release|Any CPU.ActiveCfg = Release|Any CPU
		{44D56022-C6DC-44B3-AC7A-021F7C25E3DC}.Release|Any CPU.Build.0 = Release|Any CPU
		{5553F189-69F0-4AE8-907C-0067E12A7770}.Debug|Any CPU.ActiveCfg = Debug|Any CPU
		{5553F189-69F0-4AE8-907C-0067E12A7770}.Debug|Any CPU.Build.0 = Debug|Any CPU
		{5553F189-69F0-4AE8-907C-0067E12A7770}.Release|Any CPU.ActiveCfg = Release|Any CPU
		{5553F189-69F0-4AE8-907C-0067E12A7770}.Release|Any CPU.Build.0 = Release|Any CPU
		{1A6B6AE3-8E1E-4DF1-A850-1A59EF16A28C}.Debug|Any CPU.ActiveCfg = Debug|Any CPU
		{1A6B6AE3-8E1E-4DF1-A850-1A59EF16A28C}.Debug|Any CPU.Build.0 = Debug|Any CPU
		{1A6B6AE3-8E1E-4DF1-A850-1A59EF16A28C}.Release|Any CPU.ActiveCfg = Release|Any CPU
		{1A6B6AE3-8E1E-4DF1-A850-1A59EF16A28C}.Release|Any CPU.Build.0 = Release|Any CPU
		{B86368DE-6BF5-432B-A87D-7D0E3C9D3B27}.Debug|Any CPU.ActiveCfg = Debug|Any CPU
		{B86368DE-6BF5-432B-A87D-7D0E3C9D3B27}.Debug|Any CPU.Build.0 = Debug|Any CPU
		{B86368DE-6BF5-432B-A87D-7D0E3C9D3B27}.Release|Any CPU.ActiveCfg = Release|Any CPU
		{B86368DE-6BF5-432B-A87D-7D0E3C9D3B27}.Release|Any CPU.Build.0 = Release|Any CPU
		{8D199055-B0B5-4C24-B6E2-C97F83BA773C}.Debug|Any CPU.ActiveCfg = Debug|Any CPU
		{8D199055-B0B5-4C24-B6E2-C97F83BA773C}.Debug|Any CPU.Build.0 = Debug|Any CPU
		{8D199055-B0B5-4C24-B6E2-C97F83BA773C}.Release|Any CPU.ActiveCfg = Release|Any CPU
		{8D199055-B0B5-4C24-B6E2-C97F83BA773C}.Release|Any CPU.Build.0 = Release|Any CPU
		{A7720F0A-5B69-4555-8DC8-899ECB0F0610}.Debug|Any CPU.ActiveCfg = Debug|Any CPU
		{A7720F0A-5B69-4555-8DC8-899ECB0F0610}.Debug|Any CPU.Build.0 = Debug|Any CPU
		{A7720F0A-5B69-4555-8DC8-899ECB0F0610}.Release|Any CPU.ActiveCfg = Release|Any CPU
		{A7720F0A-5B69-4555-8DC8-899ECB0F0610}.Release|Any CPU.Build.0 = Release|Any CPU
		{87629BC6-2C0B-4791-AFE9-07C22E7E239C}.Debug|Any CPU.ActiveCfg = Debug|Any CPU
		{87629BC6-2C0B-4791-AFE9-07C22E7E239C}.Debug|Any CPU.Build.0 = Debug|Any CPU
		{87629BC6-2C0B-4791-AFE9-07C22E7E239C}.Release|Any CPU.ActiveCfg = Release|Any CPU
		{87629BC6-2C0B-4791-AFE9-07C22E7E239C}.Release|Any CPU.Build.0 = Release|Any CPU
		{A6BC0307-C0AF-463F-B602-0C66578A9C9B}.Debug|Any CPU.ActiveCfg = Debug|Any CPU
		{A6BC0307-C0AF-463F-B602-0C66578A9C9B}.Debug|Any CPU.Build.0 = Debug|Any CPU
		{A6BC0307-C0AF-463F-B602-0C66578A9C9B}.Release|Any CPU.ActiveCfg = Release|Any CPU
		{A6BC0307-C0AF-463F-B602-0C66578A9C9B}.Release|Any CPU.Build.0 = Release|Any CPU
		{80A63EE2-788D-4B94-8AA3-6531E2AC06C6}.Debug|Any CPU.ActiveCfg = Debug|Any CPU
		{80A63EE2-788D-4B94-8AA3-6531E2AC06C6}.Debug|Any CPU.Build.0 = Debug|Any CPU
		{80A63EE2-788D-4B94-8AA3-6531E2AC06C6}.Release|Any CPU.ActiveCfg = Release|Any CPU
		{80A63EE2-788D-4B94-8AA3-6531E2AC06C6}.Release|Any CPU.Build.0 = Release|Any CPU
		{D48C56B6-C2E2-4248-B5AE-0F0BBAE7ED49}.Debug|Any CPU.ActiveCfg = Debug|Any CPU
		{D48C56B6-C2E2-4248-B5AE-0F0BBAE7ED49}.Debug|Any CPU.Build.0 = Debug|Any CPU
		{D48C56B6-C2E2-4248-B5AE-0F0BBAE7ED49}.Release|Any CPU.ActiveCfg = Release|Any CPU
		{D48C56B6-C2E2-4248-B5AE-0F0BBAE7ED49}.Release|Any CPU.Build.0 = Release|Any CPU
		{8AAA42A4-1E59-4B1A-9EE5-E7D8357A5CC1}.Debug|Any CPU.ActiveCfg = Debug|Any CPU
		{8AAA42A4-1E59-4B1A-9EE5-E7D8357A5CC1}.Debug|Any CPU.Build.0 = Debug|Any CPU
		{8AAA42A4-1E59-4B1A-9EE5-E7D8357A5CC1}.Release|Any CPU.ActiveCfg = Release|Any CPU
		{8AAA42A4-1E59-4B1A-9EE5-E7D8357A5CC1}.Release|Any CPU.Build.0 = Release|Any CPU
		{40CF17DD-1EBF-4A2F-8FA3-65821B269D14}.Debug|Any CPU.ActiveCfg = Debug|Any CPU
		{40CF17DD-1EBF-4A2F-8FA3-65821B269D14}.Debug|Any CPU.Build.0 = Debug|Any CPU
		{40CF17DD-1EBF-4A2F-8FA3-65821B269D14}.Release|Any CPU.ActiveCfg = Release|Any CPU
		{40CF17DD-1EBF-4A2F-8FA3-65821B269D14}.Release|Any CPU.Build.0 = Release|Any CPU
		{289FDB9E-EE0A-4805-B66E-9A527DAF4E3E}.Debug|Any CPU.ActiveCfg = Debug|Any CPU
		{289FDB9E-EE0A-4805-B66E-9A527DAF4E3E}.Release|Any CPU.ActiveCfg = Release|Any CPU
		{DB4A1698-72DB-4228-9479-692AC932D00D}.Debug|Any CPU.ActiveCfg = Debug|Any CPU
		{DB4A1698-72DB-4228-9479-692AC932D00D}.Debug|Any CPU.Build.0 = Debug|Any CPU
		{DB4A1698-72DB-4228-9479-692AC932D00D}.Release|Any CPU.ActiveCfg = Release|Any CPU
		{DB4A1698-72DB-4228-9479-692AC932D00D}.Release|Any CPU.Build.0 = Release|Any CPU
		{9F1AB018-EA39-4154-B1DB-B6440A673208}.Debug|Any CPU.ActiveCfg = Debug|Any CPU
		{9F1AB018-EA39-4154-B1DB-B6440A673208}.Debug|Any CPU.Build.0 = Debug|Any CPU
		{9F1AB018-EA39-4154-B1DB-B6440A673208}.Release|Any CPU.ActiveCfg = Release|Any CPU
		{9F1AB018-EA39-4154-B1DB-B6440A673208}.Release|Any CPU.Build.0 = Release|Any CPU
	EndGlobalSection
	GlobalSection(SolutionProperties) = preSolution
		HideSolutionNode = FALSE
	EndGlobalSection
	GlobalSection(ExtensibilityGlobals) = postSolution
		SolutionGuid = {C860F0DD-7C33-4425-9048-E444C5ED56BF}
	EndGlobalSection
EndGlobal
